
Microsoft Visual Studio Solution File, Format Version 12.00
# Visual Studio Version 16
VisualStudioVersion = 16.0.31613.86
MinimumVisualStudioVersion = 10.0.40219.1
Project("{FAE04EC0-301F-11D3-BF4B-00C04F79EFBC}") = "XMLViewer", "TestTask\XMLViewer.csproj", "{970316CC-F60F-4794-B469-B4185618BF1B}"
EndProject
Global
	GlobalSection(SolutionConfigurationPlatforms) = preSolution
		Debug|Any CPU = Debug|Any CPU
		Release|Any CPU = Release|Any CPU
	EndGlobalSection
	GlobalSection(ProjectConfigurationPlatforms) = postSolution
		{970316CC-F60F-4794-B469-B4185618BF1B}.Debug|Any CPU.ActiveCfg = Debug|Any CPU
		{970316CC-F60F-4794-B469-B4185618BF1B}.Debug|Any CPU.Build.0 = Debug|Any CPU
		{970316CC-F60F-4794-B469-B4185618BF1B}.Release|Any CPU.ActiveCfg = Release|Any CPU
		{970316CC-F60F-4794-B469-B4185618BF1B}.Release|Any CPU.Build.0 = Release|Any CPU
	EndGlobalSection
	GlobalSection(SolutionProperties) = preSolution
		HideSolutionNode = FALSE
	EndGlobalSection
	GlobalSection(ExtensibilityGlobals) = postSolution
		SolutionGuid = {707EC95B-55AE-40ED-849A-F78548891FB3}
	EndGlobalSection
EndGlobal
